{
  "name": "array_perf",
  "version": "1.0.0",
  "lockfileVersion": 1,
  "requires": true,
  "dependencies": {
    "csv-writer": {
      "version": "1.2.0",
      "resolved": "https://registry.npmjs.org/csv-writer/-/csv-writer-1.2.0.tgz",
      "integrity": "sha512-ZU7eZ26y7oIOXwFHhTNnT/tF6RXMdQnuTGofzNTe1cvXacZm3Ixd7Oa9mOp2f1t39Ezfzg0h5tqfOjXM180BOg=="
    },
    "readline": {
      "version": "1.3.0",
      "resolved": "https://registry.npmjs.org/readline/-/readline-1.3.0.tgz",
      "integrity": "sha1-xYDXfvLPyHUrEySYBg3JeTp6wBw="
    }
  }
}
